<?xml version="1.0" encoding="utf-8"?>
<Project ToolsVersion="4.0" xmlns="http://schemas.microsoft.com/developer/msbuild/2003">
  <ItemGroup>
    <Filter Include="ソース ファイル">
      <UniqueIdentifier>{4FC737F1-C7A5-4376-A066-2A32D752A2FF}</UniqueIdentifier>
      <Extensions>cpp;c;cc;cxx;def;odl;idl;hpj;bat;asm;asmx</Extensions>
    </Filter>
    <Filter Include="ヘッダー ファイル">
      <UniqueIdentifier>{93995380-89BD-4b04-88EB-625FBE52EBFB}</UniqueIdentifier>
      <Extensions>h;hh;hpp;hxx;hm;inl;inc;ipp;xsd</Extensions>
    </Filter>
    <Filter Include="xed">
      <UniqueIdentifier>{80af6e34-bd16-4b7a-80f8-c1e117331d10}</UniqueIdentifier>
    </Filter>
    <Filter Include="stream">
      <UniqueIdentifier>{2b4073a1-8820-4b4e-a4c0-89ee9b82fb27}</UniqueIdentifier>
    </Filter>
    <Filter Include="vmp">
      <UniqueIdentifier>{67DA6AB6-F800-4c08-8B7A-83BB121AAD01}</UniqueIdentifier>
      <Extensions>rc;ico;cur;bmp;dlg;rc2;rct;bin;rgs;gif;jpg;jpeg;jpe;resx;tiff;tif;png;wav;mfcribbon-ms</Extensions>
    </Filter>
    <Filter Include="vmp\IR">
      <UniqueIdentifier>{791796c7-8e97-462b-b002-6c10777c8582}</UniqueIdentifier>
    </Filter>
    <Filter Include="cfg">
      <UniqueIdentifier>{e9d8ef90-a2ce-4ce1-a1c0-78275a7eeadc}</UniqueIdentifier>
    </Filter>
  </ItemGroup>
  <ItemGroup>
    <ClInclude Include="pch.h">
      <Filter>ヘッダー ファイル</Filter>
    </ClInclude>
    <ClInclude Include="x86_instruction.hpp">
      <Filter>xed</Filter>
    </ClInclude>
    <ClInclude Include="x86_operand.hpp">
      <Filter>xed</Filter>
    </ClInclude>
    <ClInclude Include="x86_register.hpp">
      <Filter>xed</Filter>
    </ClInclude>
    <ClInclude Include="AbstractStream.hpp">
      <Filter>stream</Filter>
    </ClInclude>
    <ClInclude Include="ProcessStream.hpp">
      <Filter>stream</Filter>
    </ClInclude>
    <ClInclude Include="VMHandler.hpp">
      <Filter>vmp</Filter>
    </ClInclude>
    <ClInclude Include="VirtualMachine.hpp">
      <Filter>vmp</Filter>
    </ClInclude>
    <ClInclude Include="VMProtectAnalyzer.hpp">
      <Filter>vmp</Filter>
    </ClInclude>
    <ClInclude Include="IR.hpp">
      <Filter>vmp\IR</Filter>
    </ClInclude>
    <ClInclude Include="CFG.hpp">
      <Filter>cfg</Filter>
    </ClInclude>
  </ItemGroup>
  <ItemGroup>
    <ClCompile Include="pch.cpp">
      <Filter>ソース ファイル</Filter>
    </ClCompile>
    <ClCompile Include="main.cpp">
      <Filter>ソース ファイル</Filter>
    </ClCompile>
    <ClCompile Include="x86_instruction.cpp">
      <Filter>xed</Filter>
    </ClCompile>
    <ClCompile Include="x86_operand.cpp">
      <Filter>xed</Filter>
    </ClCompile>
    <ClCompile Include="x86_register.cpp">
      <Filter>xed</Filter>
    </ClCompile>
    <ClCompile Include="AbstractStream.cpp">
      <Filter>stream</Filter>
    </ClCompile>
    <ClCompile Include="ProcessStream.cpp">
      <Filter>stream</Filter>
    </ClCompile>
    <ClCompile Include="VMHandler.cpp">
      <Filter>vmp</Filter>
    </ClCompile>
    <ClCompile Include="VirtualMachine.cpp">
      <Filter>vmp</Filter>
    </ClCompile>
    <ClCompile Include="VMProtectAnalyzer.cpp">
      <Filter>vmp</Filter>
    </ClCompile>
    <ClCompile Include="IR.cpp">
      <Filter>vmp\IR</Filter>
    </ClCompile>
    <ClCompile Include="CFG.cpp">
      <Filter>cfg</Filter>
    </ClCompile>
  </ItemGroup>
</Project>